// !$*UTF8*$!
{
	archiveVersion = 1;
	classes = {
	};
	objectVersion = 46;
	objects = {

/* Begin PBXBuildFile section */
		D92EEA3B19E2097900CC7CCD /* List.swift in Sources */ = {isa = PBXBuildFile; fileRef = D92EEA3A19E2097900CC7CCD /* List.swift */; };
		D92EEA3D19E20A5D00CC7CCD /* Realm.framework in Frameworks */ = {isa = PBXBuildFile; fileRef = D92EEA3C19E20A5D00CC7CCD /* Realm.framework */; };
		D92EEA3F19E20A8200CC7CCD /* libc++.dylib in Frameworks */ = {isa = PBXBuildFile; fileRef = D92EEA3E19E20A8200CC7CCD /* libc++.dylib */; };
		D92EEA4119E20A9B00CC7CCD /* RLMSupport.swift in Sources */ = {isa = PBXBuildFile; fileRef = D92EEA4019E20A9B00CC7CCD /* RLMSupport.swift */; };
		D92EEA4319E20C7500CC7CCD /* Item.swift in Sources */ = {isa = PBXBuildFile; fileRef = D92EEA4219E20C7500CC7CCD /* Item.swift */; };
		D99580AE19E1C558004353EF /* ListTableViewController.swift in Sources */ = {isa = PBXBuildFile; fileRef = D99580AD19E1C558004353EF /* ListTableViewController.swift */; };
		D9C5343019E0CCD70021BF44 /* AppDelegate.swift in Sources */ = {isa = PBXBuildFile; fileRef = D9C5342F19E0CCD70021BF44 /* AppDelegate.swift */; };
		D9C5343719E0CCD70021BF44 /* Main.storyboard in Resources */ = {isa = PBXBuildFile; fileRef = D9C5343519E0CCD70021BF44 /* Main.storyboard */; };
		D9C5343919E0CCD70021BF44 /* Images.xcassets in Resources */ = {isa = PBXBuildFile; fileRef = D9C5343819E0CCD70021BF44 /* Images.xcassets */; };
		D9C5343C19E0CCD70021BF44 /* LaunchScreen.xib in Resources */ = {isa = PBXBuildFile; fileRef = D9C5343A19E0CCD70021BF44 /* LaunchScreen.xib */; };
		D9C5344819E0CCD70021BF44 /* GroceryListTests.swift in Sources */ = {isa = PBXBuildFile; fileRef = D9C5344719E0CCD70021BF44 /* GroceryListTests.swift */; };
/* End PBXBuildFile section */

/* Begin PBXContainerItemProxy section */
		D9C5344219E0CCD70021BF44 /* PBXContainerItemProxy */ = {
			isa = PBXContainerItemProxy;
			containerPortal = D9C5342219E0CCD70021BF44 /* Project object */;
			proxyType = 1;
			remoteGlobalIDString = D9C5342919E0CCD70021BF44;
			remoteInfo = GroceryList;
		};
/* End PBXContainerItemProxy section */

/* Begin PBXFileReference section */
		D92EEA3A19E2097900CC7CCD /* List.swift */ = {isa = PBXFileReference; fileEncoding = 4; lastKnownFileType = sourcecode.swift; path = List.swift; sourceTree = "<group>"; };
		D92EEA3C19E20A5D00CC7CCD /* Realm.framework */ = {isa = PBXFileReference; lastKnownFileType = wrapper.framework; path = Realm.framework; sourceTree = "<group>"; };
		D92EEA3E19E20A8200CC7CCD /* libc++.dylib */ = {isa = PBXFileReference; lastKnownFileType = "compiled.mach-o.dylib"; name = "libc++.dylib"; path = "usr/lib/libc++.dylib"; sourceTree = SDKROOT; };
		D92EEA4019E20A9B00CC7CCD /* RLMSupport.swift */ = {isa = PBXFileReference; fileEncoding = 4; lastKnownFileType = sourcecode.swift; path = RLMSupport.swift; sourceTree = "<group>"; };
		D92EEA4219E20C7500CC7CCD /* Item.swift */ = {isa = PBXFileReference; fileEncoding = 4; lastKnownFileType = sourcecode.swift; path = Item.swift; sourceTree = "<group>"; };
		D99580AD19E1C558004353EF /* ListTableViewController.swift */ = {isa = PBXFileReference; fileEncoding = 4; lastKnownFileType = sourcecode.swift; path = ListTableViewController.swift; sourceTree = "<group>"; };
		D9C5342A19E0CCD70021BF44 /* GroceryList.app */ = {isa = PBXFileReference; explicitFileType = wrapper.application; includeInIndex = 0; path = GroceryList.app; sourceTree = BUILT_PRODUCTS_DIR; };
		D9C5342E19E0CCD70021BF44 /* Info.plist */ = {isa = PBXFileReference; lastKnownFileType = text.plist.xml; path = Info.plist; sourceTree = "<group>"; };
		D9C5342F19E0CCD70021BF44 /* AppDelegate.swift */ = {isa = PBXFileReference; lastKnownFileType = sourcecode.swift; path = AppDelegate.swift; sourceTree = "<group>"; };
		D9C5343619E0CCD70021BF44 /* Base */ = {isa = PBXFileReference; lastKnownFileType = file.storyboard; name = Base; path = Base.lproj/Main.storyboard; sourceTree = "<group>"; };
		D9C5343819E0CCD70021BF44 /* Images.xcassets */ = {isa = PBXFileReference; lastKnownFileType = folder.assetcatalog; path = Images.xcassets; sourceTree = "<group>"; };
		D9C5343B19E0CCD70021BF44 /* Base */ = {isa = PBXFileReference; lastKnownFileType = file.xib; name = Base; path = Base.lproj/LaunchScreen.xib; sourceTree = "<group>"; };
		D9C5344119E0CCD70021BF44 /* GroceryListTests.xctest */ = {isa = PBXFileReference; explicitFileType = wrapper.cfbundle; includeInIndex = 0; path = GroceryListTests.xctest; sourceTree = BUILT_PRODUCTS_DIR; };
		D9C5344619E0CCD70021BF44 /* Info.plist */ = {isa = PBXFileReference; lastKnownFileType = text.plist.xml; path = Info.plist; sourceTree = "<group>"; };
		D9C5344719E0CCD70021BF44 /* GroceryListTests.swift */ = {isa = PBXFileReference; lastKnownFileType = sourcecode.swift; path = GroceryListTests.swift; sourceTree = "<group>"; };
/* End PBXFileReference section */

/* Begin PBXFrameworksBuildPhase section */
		D9C5342719E0CCD70021BF44 /* Frameworks */ = {
			isa = PBXFrameworksBuildPhase;
			buildActionMask = 2147483647;
			files = (
				D92EEA3F19E20A8200CC7CCD /* libc++.dylib in Frameworks */,
				D92EEA3D19E20A5D00CC7CCD /* Realm.framework in Frameworks */,
			);
			runOnlyForDeploymentPostprocessing = 0;
		};
		D9C5343E19E0CCD70021BF44 /* Frameworks */ = {
			isa = PBXFrameworksBuildPhase;
			buildActionMask = 2147483647;
			files = (
			);
			runOnlyForDeploymentPostprocessing = 0;
		};
/* End PBXFrameworksBuildPhase section */

/* Begin PBXGroup section */
		74842CC8FE84CED3C108E5FC /* Frameworks */ = {
			isa = PBXGroup;
			children = (
				D92EEA3E19E20A8200CC7CCD /* libc++.dylib */,
			);
			name = Frameworks;
			sourceTree = "<group>";
		};
		D99580AA19E1C3A3004353EF /* Controllers */ = {
			isa = PBXGroup;
			children = (
				D99580AD19E1C558004353EF /* ListTableViewController.swift */,
			);
			name = Controllers;
			sourceTree = "<group>";
		};
		D99580AB19E1C3AB004353EF /* Models */ = {
			isa = PBXGroup;
			children = (
				D92EEA3A19E2097900CC7CCD /* List.swift */,
				D92EEA4219E20C7500CC7CCD /* Item.swift */,
			);
			name = Models;
			sourceTree = "<group>";
		};
		D99580AC19E1C4D7004353EF /* Views */ = {
			isa = PBXGroup;
			children = (
			);
			name = Views;
			sourceTree = "<group>";
		};
		D9C5342119E0CCD70021BF44 = {
			isa = PBXGroup;
			children = (
				D92EEA4019E20A9B00CC7CCD /* RLMSupport.swift */,
				D92EEA3C19E20A5D00CC7CCD /* Realm.framework */,
				D9C5342C19E0CCD70021BF44 /* GroceryList */,
				D9C5344419E0CCD70021BF44 /* GroceryListTests */,
				D9C5342B19E0CCD70021BF44 /* Products */,
				74842CC8FE84CED3C108E5FC /* Frameworks */,
			);
			sourceTree = "<group>";
		};
		D9C5342B19E0CCD70021BF44 /* Products */ = {
			isa = PBXGroup;
			children = (
				D9C5342A19E0CCD70021BF44 /* GroceryList.app */,
				D9C5344119E0CCD70021BF44 /* GroceryListTests.xctest */,
			);
			name = Products;
			sourceTree = "<group>";
		};
		D9C5342C19E0CCD70021BF44 /* GroceryList */ = {
			isa = PBXGroup;
			children = (
				D99580AA19E1C3A3004353EF /* Controllers */,
				D99580AB19E1C3AB004353EF /* Models */,
				D99580AC19E1C4D7004353EF /* Views */,
				D9C5342F19E0CCD70021BF44 /* AppDelegate.swift */,
				D9C5343519E0CCD70021BF44 /* Main.storyboard */,
				D9C5343819E0CCD70021BF44 /* Images.xcassets */,
				D9C5343A19E0CCD70021BF44 /* LaunchScreen.xib */,
				D9C5342D19E0CCD70021BF44 /* Supporting Files */,
			);
			path = GroceryList;
			sourceTree = "<group>";
		};
		D9C5342D19E0CCD70021BF44 /* Supporting Files */ = {
			isa = PBXGroup;
			children = (
				D9C5342E19E0CCD70021BF44 /* Info.plist */,
			);
			name = "Supporting Files";
			sourceTree = "<group>";
		};
		D9C5344419E0CCD70021BF44 /* GroceryListTests */ = {
			isa = PBXGroup;
			children = (
				D9C5344719E0CCD70021BF44 /* GroceryListTests.swift */,
				D9C5344519E0CCD70021BF44 /* Supporting Files */,
			);
			path = GroceryListTests;
			sourceTree = "<group>";
		};
		D9C5344519E0CCD70021BF44 /* Supporting Files */ = {
			isa = PBXGroup;
			children = (
				D9C5344619E0CCD70021BF44 /* Info.plist */,
			);
			name = "Supporting Files";
			sourceTree = "<group>";
		};
/* End PBXGroup section */

/* Begin PBXNativeTarget section */
		D9C5342919E0CCD70021BF44 /* GroceryList */ = {
			isa = PBXNativeTarget;
			buildConfigurationList = D9C5344B19E0CCD70021BF44 /* Build configuration list for PBXNativeTarget "GroceryList" */;
			buildPhases = (
				D9C5342619E0CCD70021BF44 /* Sources */,
				D9C5342719E0CCD70021BF44 /* Frameworks */,
				D9C5342819E0CCD70021BF44 /* Resources */,
			);
			buildRules = (
			);
			dependencies = (
			);
			name = GroceryList;
			productName = GroceryList;
			productReference = D9C5342A19E0CCD70021BF44 /* GroceryList.app */;
			productType = "com.apple.product-type.application";
		};
		D9C5344019E0CCD70021BF44 /* GroceryListTests */ = {
			isa = PBXNativeTarget;
			buildConfigurationList = D9C5344E19E0CCD70021BF44 /* Build configuration list for PBXNativeTarget "GroceryListTests" */;
			buildPhases = (
				D9C5343D19E0CCD70021BF44 /* Sources */,
				D9C5343E19E0CCD70021BF44 /* Frameworks */,
				D9C5343F19E0CCD70021BF44 /* Resources */,
			);
			buildRules = (
			);
			dependencies = (
				D9C5344319E0CCD70021BF44 /* PBXTargetDependency */,
			);
			name = GroceryListTests;
			productName = GroceryListTests;
			productReference = D9C5344119E0CCD70021BF44 /* GroceryListTests.xctest */;
			productType = "com.apple.product-type.bundle.unit-test";
		};
/* End PBXNativeTarget section */

/* Begin PBXProject section */
		D9C5342219E0CCD70021BF44 /* Project object */ = {
			isa = PBXProject;
			attributes = {
				LastUpgradeCheck = 0610;
				ORGANIZATIONNAME = bearclough;
				TargetAttributes = {
					D9C5342919E0CCD70021BF44 = {
						CreatedOnToolsVersion = 6.1;
					};
					D9C5344019E0CCD70021BF44 = {
						CreatedOnToolsVersion = 6.1;
						TestTargetID = D9C5342919E0CCD70021BF44;
					};
				};
			};
			buildConfigurationList = D9C5342519E0CCD70021BF44 /* Build configuration list for PBXProject "GroceryList" */;
			compatibilityVersion = "Xcode 3.2";
			developmentRegion = English;
			hasScannedForEncodings = 0;
			knownRegions = (
				en,
				Base,
			);
			mainGroup = D9C5342119E0CCD70021BF44;
			productRefGroup = D9C5342B19E0CCD70021BF44 /* Products */;
			projectDirPath = "";
			projectRoot = "";
			targets = (
				D9C5342919E0CCD70021BF44 /* GroceryList */,
				D9C5344019E0CCD70021BF44 /* GroceryListTests */,
			);
		};
/* End PBXProject section */

/* Begin PBXResourcesBuildPhase section */
		D9C5342819E0CCD70021BF44 /* Resources */ = {
			isa = PBXResourcesBuildPhase;
			buildActionMask = 2147483647;
			files = (
				D9C5343719E0CCD70021BF44 /* Main.storyboard in Resources */,
				D9C5343C19E0CCD70021BF44 /* LaunchScreen.xib in Resources */,
				D9C5343919E0CCD70021BF44 /* Images.xcassets in Resources */,
			);
			runOnlyForDeploymentPostprocessing = 0;
		};
		D9C5343F19E0CCD70021BF44 /* Resources */ = {
			isa = PBXResourcesBuildPhase;
			buildActionMask = 2147483647;
			files = (
			);
			runOnlyForDeploymentPostprocessing = 0;
		};
/* End PBXResourcesBuildPhase section */

/* Begin PBXSourcesBuildPhase section */
		D9C5342619E0CCD70021BF44 /* Sources */ = {
			isa = PBXSourcesBuildPhase;
			buildActionMask = 2147483647;
			files = (
				D92EEA4319E20C7500CC7CCD /* Item.swift in Sources */,
				D9C5343019E0CCD70021BF44 /* AppDelegate.swift in Sources */,
				D99580AE19E1C558004353EF /* ListTableViewController.swift in Sources */,
				D92EEA3B19E2097900CC7CCD /* List.swift in Sources */,
				D92EEA4119E20A9B00CC7CCD /* RLMSupport.swift in Sources */,
			);
			runOnlyForDeploymentPostprocessing = 0;
		};
		D9C5343D19E0CCD70021BF44 /* Sources */ = {
			isa = PBXSourcesBuildPhase;
			buildActionMask = 2147483647;
			files = (
				D9C5344819E0CCD70021BF44 /* GroceryListTests.swift in Sources */,
			);
			runOnlyForDeploymentPostprocessing = 0;
		};
/* End PBXSourcesBuildPhase section */

/* Begin PBXTargetDependency section */
		D9C5344319E0CCD70021BF44 /* PBXTargetDependency */ = {
			isa = PBXTargetDependency;
			target = D9C5342919E0CCD70021BF44 /* GroceryList */;
			targetProxy = D9C5344219E0CCD70021BF44 /* PBXContainerItemProxy */;
		};
/* End PBXTargetDependency section */

/* Begin PBXVariantGroup section */
		D9C5343519E0CCD70021BF44 /* Main.storyboard */ = {
			isa = PBXVariantGroup;
			children = (
				D9C5343619E0CCD70021BF44 /* Base */,
			);
			name = Main.storyboard;
			sourceTree = "<group>";
		};
		D9C5343A19E0CCD70021BF44 /* LaunchScreen.xib */ = {
			isa = PBXVariantGroup;
			children = (
				D9C5343B19E0CCD70021BF44 /* Base */,
			);
			name = LaunchScreen.xib;
			sourceTree = "<group>";
		};
/* End PBXVariantGroup section */

/* Begin XCBuildConfiguration section */
		D9C5344919E0CCD70021BF44 /* Debug */ = {
			isa = XCBuildConfiguration;
			buildSettings = {
				ALWAYS_SEARCH_USER_PATHS = NO;
				CLANG_CXX_LANGUAGE_STANDARD = "gnu++0x";
				CLANG_CXX_LIBRARY = "libc++";
				CLANG_ENABLE_MODULES = YES;
				CLANG_ENABLE_OBJC_ARC = YES;
				CLANG_WARN_BOOL_CONVERSION = YES;
				CLANG_WARN_CONSTANT_CONVERSION = YES;
				CLANG_WARN_DIRECT_OBJC_ISA_USAGE = YES_ERROR;
				CLANG_WARN_EMPTY_BODY = YES;
				CLANG_WARN_ENUM_CONVERSION = YES;
				CLANG_WARN_INT_CONVERSION = YES;
				CLANG_WARN_OBJC_ROOT_CLASS = YES_ERROR;
				CLANG_WARN_UNREACHABLE_CODE = YES;
				CLANG_WARN__DUPLICATE_METHOD_MATCH = YES;
				"CODE_SIGN_IDENTITY[sdk=iphoneos*]" = "iPhone Developer";
				COPY_PHASE_STRIP = NO;
				ENABLE_STRICT_OBJC_MSGSEND = YES;
				GCC_C_LANGUAGE_STANDARD = gnu99;
				GCC_DYNAMIC_NO_PIC = NO;
				GCC_OPTIMIZATION_LEVEL = 0;
				GCC_PREPROCESSOR_DEFINITIONS = (
					"DEBUG=1",
					"$(inherited)",
				);
				GCC_SYMBOLS_PRIVATE_EXTERN = NO;
				GCC_WARN_64_TO_32_BIT_CONVERSION = YES;
				GCC_WARN_ABOUT_RETURN_TYPE = YES_ERROR;
				GCC_WARN_UNDECLARED_SELECTOR = YES;
				GCC_WARN_UNINITIALIZED_AUTOS = YES_AGGRESSIVE;
				GCC_WARN_UNUSED_FUNCTION = YES;
				GCC_WARN_UNUSED_VARIABLE = YES;
				IPHONEOS_DEPLOYMENT_TARGET = 8.1;
				MTL_ENABLE_DEBUG_INFO = YES;
				ONLY_ACTIVE_ARCH = YES;
				SDKROOT = iphoneos;
				SWIFT_OPTIMIZATION_LEVEL = "-Onone";
			};
			name = Debug;
		};
		D9C5344A19E0CCD70021BF44 /* Release */ = {
			isa = XCBuildConfiguration;
			buildSettings = {
				ALWAYS_SEARCH_USER_PATHS = NO;
				CLANG_CXX_LANGUAGE_STANDARD = "gnu++0x";
				CLANG_CXX_LIBRARY = "libc++";
				CLANG_ENABLE_MODULES = YES;
				CLANG_ENABLE_OBJC_ARC = YES;
				CLANG_WARN_BOOL_CONVERSION = YES;
				CLANG_WARN_CONSTANT_CONVERSION = YES;
				CLANG_WARN_DIRECT_OBJC_ISA_USAGE = YES_ERROR;
				CLANG_WARN_EMPTY_BODY = YES;
				CLANG_WARN_ENUM_CONVERSION = YES;
				CLANG_WARN_INT_CONVERSION = YES;
				CLANG_WARN_OBJC_ROOT_CLASS = YES_ERROR;
				CLANG_WARN_UNREACHABLE_CODE = YES;
				CLANG_WARN__DUPLICATE_METHOD_MATCH = YES;
				"CODE_SIGN_IDENTITY[sdk=iphoneos*]" = "iPhone Developer";
				COPY_PHASE_STRIP = YES;
				ENABLE_NS_ASSERTIONS = NO;
				ENABLE_STRICT_OBJC_MSGSEND = YES;
				GCC_C_LANGUAGE_STANDARD = gnu99;
				GCC_WARN_64_TO_32_BIT_CONVERSION = YES;
				GCC_WARN_ABOUT_RETURN_TYPE = YES_ERROR;
				GCC_WARN_UNDECLARED_SELECTOR = YES;
				GCC_WARN_UNINITIALIZED_AUTOS = YES_AGGRESSIVE;
				GCC_WARN_UNUSED_FUNCTION = YES;
				GCC_WARN_UNUSED_VARIABLE = YES;
				IPHONEOS_DEPLOYMENT_TARGET = 8.1;
				MTL_ENABLE_DEBUG_INFO = NO;
				SDKROOT = iphoneos;
				VALIDATE_PRODUCT = YES;
			};
			name = Release;
		};
		D9C5344C19E0CCD70021BF44 /* Debug */ = {
			isa = XCBuildConfiguration;
			buildSettings = {
				ASSETCATALOG_COMPILER_APPICON_NAME = AppIcon;
				FRAMEWORK_SEARCH_PATHS = (
					"$(inherited)",
					"$(PROJECT_DIR)",
				);
				INFOPLIST_FILE = GroceryList/Info.plist;
				LD_RUNPATH_SEARCH_PATHS = "$(inherited) @executable_path/Frameworks";
				PRODUCT_NAME = "$(TARGET_NAME)";
				TARGETED_DEVICE_FAMILY = "1,2";
			};
			name = Debug;
		};
		D9C5344D19E0CCD70021BF44 /* Release */ = {
			isa = XCBuildConfiguration;
			buildSettings = {
				ASSETCATALOG_COMPILER_APPICON_NAME = AppIcon;
				FRAMEWORK_SEARCH_PATHS = (
					"$(inherited)",
					"$(PROJECT_DIR)",
				);
				INFOPLIST_FILE = GroceryList/Info.plist;
				LD_RUNPATH_SEARCH_PATHS = "$(inherited) @executable_path/Frameworks";
				PRODUCT_NAME = "$(TARGET_NAME)";
				TARGETED_DEVICE_FAMILY = "1,2";
			};
			name = Release;
		};
		D9C5344F19E0CCD70021BF44 /* Debug */ = {
			isa = XCBuildConfiguration;
			buildSettings = {
				BUNDLE_LOADER = "$(TEST_HOST)";
				FRAMEWORK_SEARCH_PATHS = (
					"$(SDKROOT)/Developer/Library/Frameworks",
					"$(inherited)",
				);
				GCC_PREPROCESSOR_DEFINITIONS = (
					"DEBUG=1",
					"$(inherited)",
				);
				INFOPLIST_FILE = GroceryListTests/Info.plist;
				LD_RUNPATH_SEARCH_PATHS = "$(inherited) @executable_path/Frameworks @loader_path/Frameworks";
				PRODUCT_NAME = "$(TARGET_NAME)";
				TEST_HOST = "$(BUILT_PRODUCTS_DIR)/GroceryList.app/GroceryList";
			};
			name = Debug;
		};
		D9C5345019E0CCD70021BF44 /* Release */ = {
			isa = XCBuildConfiguration;
			buildSettings = {
				BUNDLE_LOADER = "$(TEST_HOST)";
				FRAMEWORK_SEARCH_PATHS = (
					"$(SDKROOT)/Developer/Library/Frameworks",
					"$(inherited)",
				);
				INFOPLIST_FILE = GroceryListTests/Info.plist;
				LD_RUNPATH_SEARCH_PATHS = "$(inherited) @executable_path/Frameworks @loader_path/Frameworks";
				PRODUCT_NAME = "$(TARGET_NAME)";
				TEST_HOST = "$(BUILT_PRODUCTS_DIR)/GroceryList.app/GroceryList";
			};
			name = Release;
		};
/* End XCBuildConfiguration section */

/* Begin XCConfigurationList section */
		D9C5342519E0CCD70021BF44 /* Build configuration list for PBXProject "GroceryList" */ = {
			isa = XCConfigurationList;
			buildConfigurations = (
				D9C5344919E0CCD70021BF44 /* Debug */,
				D9C5344A19E0CCD70021BF44 /* Release */,
			);
			defaultConfigurationIsVisible = 0;
			defaultConfigurationName = Release;
		};
		D9C5344B19E0CCD70021BF44 /* Build configuration list for PBXNativeTarget "GroceryList" */ = {
			isa = XCConfigurationList;
			buildConfigurations = (
				D9C5344C19E0CCD70021BF44 /* Debug */,
				D9C5344D19E0CCD70021BF44 /* Release */,
			);
			defaultConfigurationIsVisible = 0;
			defaultConfigurationName = Release;
		};
		D9C5344E19E0CCD70021BF44 /* Build configuration list for PBXNativeTarget "GroceryListTests" */ = {
			isa = XCConfigurationList;
			buildConfigurations = (
				D9C5344F19E0CCD70021BF44 /* Debug */,
				D9C5345019E0CCD70021BF44 /* Release */,
			);
			defaultConfigurationIsVisible = 0;
			defaultConfigurationName = Release;
		};
/* End XCConfigurationList section */
	};
	rootObject = D9C5342219E0CCD70021BF44 /* Project object */;
}
